
Microsoft Visual Studio Solution File, Format Version 12.00
# Visual Studio 14
VisualStudioVersion = 14.0.24720.0
MinimumVisualStudioVersion = 10.0.40219.1
Project("{FAE04EC0-301F-11D3-BF4B-00C04F79EFBC}") = "exam3", "exam3\exam3.csproj", "{A1069026-626D-46FA-9F64-46997CD11EFF}"
EndProject
Global
	GlobalSection(SolutionConfigurationPlatforms) = preSolution
		Debug|Any CPU = Debug|Any CPU
		Release|Any CPU = Release|Any CPU
	EndGlobalSection
	GlobalSection(ProjectConfigurationPlatforms) = postSolution
		{A1069026-626D-46FA-9F64-46997CD11EFF}.Debug|Any CPU.ActiveCfg = Debug|Any CPU
		{A1069026-626D-46FA-9F64-46997CD11EFF}.Debug|Any CPU.Build.0 = Debug|Any CPU
		{A1069026-626D-46FA-9F64-46997CD11EFF}.Release|Any CPU.ActiveCfg = Release|Any CPU
		{A1069026-626D-46FA-9F64-46997CD11EFF}.Release|Any CPU.Build.0 = Release|Any CPU
	EndGlobalSection
	GlobalSection(SolutionProperties) = preSolution
		HideSolutionNode = FALSE
	EndGlobalSection
EndGlobal
