
Microsoft Visual Studio Solution File, Format Version 12.00
# Visual Studio 14
VisualStudioVersion = 14.0.24720.0
MinimumVisualStudioVersion = 10.0.40219.1
Project("{FAE04EC0-301F-11D3-BF4B-00C04F79EFBC}") = "MyBank1", "MyBank1\MyBank1.csproj", "{40178282-7E1B-4FC4-96F9-EF3C42BDE7AB}"
EndProject
Project("{FAE04EC0-301F-11D3-BF4B-00C04F79EFBC}") = "Admin_Login", "Admin_Login\Admin_Login.csproj", "{46E176CD-BD20-403A-BA4D-05EA50F61294}"
EndProject
Global
	GlobalSection(SolutionConfigurationPlatforms) = preSolution
		Debug|Any CPU = Debug|Any CPU
		Release|Any CPU = Release|Any CPU
	EndGlobalSection
	GlobalSection(ProjectConfigurationPlatforms) = postSolution
		{40178282-7E1B-4FC4-96F9-EF3C42BDE7AB}.Debug|Any CPU.ActiveCfg = Debug|Any CPU
		{40178282-7E1B-4FC4-96F9-EF3C42BDE7AB}.Debug|Any CPU.Build.0 = Debug|Any CPU
		{40178282-7E1B-4FC4-96F9-EF3C42BDE7AB}.Release|Any CPU.ActiveCfg = Release|Any CPU
		{40178282-7E1B-4FC4-96F9-EF3C42BDE7AB}.Release|Any CPU.Build.0 = Release|Any CPU
		{46E176CD-BD20-403A-BA4D-05EA50F61294}.Debug|Any CPU.ActiveCfg = Debug|Any CPU
		{46E176CD-BD20-403A-BA4D-05EA50F61294}.Debug|Any CPU.Build.0 = Debug|Any CPU
		{46E176CD-BD20-403A-BA4D-05EA50F61294}.Release|Any CPU.ActiveCfg = Release|Any CPU
		{46E176CD-BD20-403A-BA4D-05EA50F61294}.Release|Any CPU.Build.0 = Release|Any CPU
	EndGlobalSection
	GlobalSection(SolutionProperties) = preSolution
		HideSolutionNode = FALSE
	EndGlobalSection
EndGlobal
